Microsoft Visual Studio Solution File, Format Version 12.00
# Visual Studio 15
VisualStudioVersion = 15.0.26730.8
MinimumVisualStudioVersion = 10.0.40219.1
Project("{2150E333-8FDC-42A3-9474-1A3956D46DE8}") = "Solution Items", "Solution Items", "{9E50841F-8F99-4A4C-A84B-1606360EBFD9}"
	ProjectSection(SolutionItems) = preProject
		..\..\..\.gitignore = ..\..\..\.gitignore
		Canvas.nuspec = Canvas.nuspec
		Canvas.targets = Canvas.targets
		..\..\..\Tools\global.json = ..\..\..\Tools\global.json
		NuGet.config = NuGet.config
		..\..\..\version.txt = ..\..\..\version.txt
	EndProjectSection
EndProject
Project("{9A19103F-16F7-4668-BE54-9A1E7A4F7556}") = "FlagUniqueKmers", "..\..\..\Tools\FlagUniqueKmers\FlagUniqueKmers.csproj", "{976838FB-E881-4DF6-8DE0-272392382979}"
EndProject
Project("{9A19103F-16F7-4668-BE54-9A1E7A4F7556}") = "CanvasDiploidCaller", "..\CanvasDiploidCaller\CanvasDiploidCaller.csproj", "{D128F0FE-EC58-4CED-B8B1-E77FFD6845D8}"
EndProject
Project("{9A19103F-16F7-4668-BE54-9A1E7A4F7556}") = "CanvasCommon", "..\CanvasCommon\CanvasCommon.csproj", "{FEBA6659-C876-4C0A-BDB5-F41B35AB710F}"
EndProject
Project("{9A19103F-16F7-4668-BE54-9A1E7A4F7556}") = "Combinatorics", "..\Combinatorics\Combinatorics.csproj", "{A3F6394B-0943-4409-A9C1-700B8A72F887}"
EndProject
Project("{9A19103F-16F7-4668-BE54-9A1E7A4F7556}") = "CanvasSomaticCaller", "..\CanvasSomaticCaller\CanvasSomaticCaller.csproj", "{35E4F059-D0DE-4F1F-A806-9713B5F6AA93}"
EndProject
Project("{9A19103F-16F7-4668-BE54-9A1E7A4F7556}") = "CanvasBin", "..\CanvasBin\CanvasBin.csproj", "{CE36BF17-4827-4D75-87D1-19657E569862}"
EndProject
Project("{9A19103F-16F7-4668-BE54-9A1E7A4F7556}") = "Canvas", "Canvas.csproj", "{48B9C165-4751-40BC-A2AE-522CC50A96A1}"
EndProject
Project("{9A19103F-16F7-4668-BE54-9A1E7A4F7556}") = "CanvasPartition", "..\CanvasPartition\CanvasPartition.csproj", "{7842AE63-6305-466C-970F-7E218A5062A3}"
EndProject
Project("{9A19103F-16F7-4668-BE54-9A1E7A4F7556}") = "Canvas.Wrapper", "..\Canvas.Wrapper\Canvas.Wrapper.csproj", "{DA2C7A71-6B66-460F-A9DA-215D3C6B5CCB}"
EndProject
Project("{9A19103F-16F7-4668-BE54-9A1E7A4F7556}") = "CanvasSNV", "..\CanvasSNV\CanvasSNV.csproj", "{DFBCB487-DE6B-49CF-BC1C-8DD8CDADAFEA}"
EndProject
Project("{9A19103F-16F7-4668-BE54-9A1E7A4F7556}") = "CanvasNormalize", "..\CanvasNormalize\CanvasNormalize.csproj", "{C65A5CD8-62E7-494A-966D-5BB6731F9C2F}"
EndProject
Project("{9A19103F-16F7-4668-BE54-9A1E7A4F7556}") = "CanvasClean", "..\CanvasClean\CanvasClean.csproj", "{B108BCD7-645E-4826-A333-CBED547E8744}"
EndProject
Project("{9A19103F-16F7-4668-BE54-9A1E7A4F7556}") = "CanvasPedigreeCaller", "..\CanvasPedigreeCaller\CanvasPedigreeCaller.csproj", "{D6BC0B03-CB6B-4CE1-A3A5-A75957DE2033}"
EndProject
Project("{9A19103F-16F7-4668-BE54-9A1E7A4F7556}") = "EvaluateCNV", "..\..\..\Tools\EvaluateCNV\EvaluateCNV.csproj", "{A2A8ACB4-7FC9-48C7-86BC-3D71E0F777D4}"
EndProject
Project("{9A19103F-16F7-4668-BE54-9A1E7A4F7556}") = "CanvasSmooth", "..\CanvasSmooth\CanvasSmooth.csproj", "{09ACB774-90C8-4F30-9688-B0DDA37C9725}"
EndProject
Project("{9A19103F-16F7-4668-BE54-9A1E7A4F7556}") = "CanvasTest", "..\CanvasTest\CanvasTest.csproj", "{73839B41-DF3E-4B48-A327-3D6CCEC7B372}"
EndProject
Global
	GlobalSection(SolutionConfigurationPlatforms) = preSolution
		Debug|x64 = Debug|x64
		Release|x64 = Release|x64
	EndGlobalSection
	GlobalSection(ProjectConfigurationPlatforms) = postSolution
		{976838FB-E881-4DF6-8DE0-272392382979}.Debug|x64.ActiveCfg = Debug|Any CPU
		{976838FB-E881-4DF6-8DE0-272392382979}.Debug|x64.Build.0 = Debug|Any CPU
		{976838FB-E881-4DF6-8DE0-272392382979}.Release|x64.ActiveCfg = Release|Any CPU
		{976838FB-E881-4DF6-8DE0-272392382979}.Release|x64.Build.0 = Release|Any CPU
		{D128F0FE-EC58-4CED-B8B1-E77FFD6845D8}.Debug|x64.ActiveCfg = Debug|Any CPU
		{D128F0FE-EC58-4CED-B8B1-E77FFD6845D8}.Debug|x64.Build.0 = Debug|Any CPU
		{D128F0FE-EC58-4CED-B8B1-E77FFD6845D8}.Release|x64.ActiveCfg = Release|Any CPU
		{D128F0FE-EC58-4CED-B8B1-E77FFD6845D8}.Release|x64.Build.0 = Release|Any CPU
		{FEBA6659-C876-4C0A-BDB5-F41B35AB710F}.Debug|x64.ActiveCfg = Debug|Any CPU
		{FEBA6659-C876-4C0A-BDB5-F41B35AB710F}.Debug|x64.Build.0 = Debug|Any CPU
		{FEBA6659-C876-4C0A-BDB5-F41B35AB710F}.Release|x64.ActiveCfg = Release|Any CPU
		{FEBA6659-C876-4C0A-BDB5-F41B35AB710F}.Release|x64.Build.0 = Release|Any CPU
		{A3F6394B-0943-4409-A9C1-700B8A72F887}.Debug|x64.ActiveCfg = Debug|Any CPU
		{A3F6394B-0943-4409-A9C1-700B8A72F887}.Debug|x64.Build.0 = Debug|Any CPU
		{A3F6394B-0943-4409-A9C1-700B8A72F887}.Release|x64.ActiveCfg = Release|Any CPU
		{A3F6394B-0943-4409-A9C1-700B8A72F887}.Release|x64.Build.0 = Release|Any CPU
		{35E4F059-D0DE-4F1F-A806-9713B5F6AA93}.Debug|x64.ActiveCfg = Debug|Any CPU
		{35E4F059-D0DE-4F1F-A806-9713B5F6AA93}.Debug|x64.Build.0 = Debug|Any CPU
		{35E4F059-D0DE-4F1F-A806-9713B5F6AA93}.Release|x64.ActiveCfg = Release|Any CPU
		{35E4F059-D0DE-4F1F-A806-9713B5F6AA93}.Release|x64.Build.0 = Release|Any CPU
		{CE36BF17-4827-4D75-87D1-19657E569862}.Debug|x64.ActiveCfg = Debug|Any CPU
		{CE36BF17-4827-4D75-87D1-19657E569862}.Debug|x64.Build.0 = Debug|Any CPU
		{CE36BF17-4827-4D75-87D1-19657E569862}.Release|x64.ActiveCfg = Release|Any CPU
		{CE36BF17-4827-4D75-87D1-19657E569862}.Release|x64.Build.0 = Release|Any CPU
		{48B9C165-4751-40BC-A2AE-522CC50A96A1}.Debug|x64.ActiveCfg = Debug|Any CPU
		{48B9C165-4751-40BC-A2AE-522CC50A96A1}.Debug|x64.Build.0 = Debug|Any CPU
		{48B9C165-4751-40BC-A2AE-522CC50A96A1}.Release|x64.ActiveCfg = Release|Any CPU
		{48B9C165-4751-40BC-A2AE-522CC50A96A1}.Release|x64.Build.0 = Release|Any CPU
		{7842AE63-6305-466C-970F-7E218A5062A3}.Debug|x64.ActiveCfg = Debug|Any CPU
		{7842AE63-6305-466C-970F-7E218A5062A3}.Debug|x64.Build.0 = Debug|Any CPU
		{7842AE63-6305-466C-970F-7E218A5062A3}.Release|x64.ActiveCfg = Release|Any CPU
		{7842AE63-6305-466C-970F-7E218A5062A3}.Release|x64.Build.0 = Release|Any CPU
		{DA2C7A71-6B66-460F-A9DA-215D3C6B5CCB}.Debug|x64.ActiveCfg = Debug|Any CPU
		{DA2C7A71-6B66-460F-A9DA-215D3C6B5CCB}.Debug|x64.Build.0 = Debug|Any CPU
		{DA2C7A71-6B66-460F-A9DA-215D3C6B5CCB}.Release|x64.ActiveCfg = Release|Any CPU
		{DA2C7A71-6B66-460F-A9DA-215D3C6B5CCB}.Release|x64.Build.0 = Release|Any CPU
		{DFBCB487-DE6B-49CF-BC1C-8DD8CDADAFEA}.Debug|x64.ActiveCfg = Debug|Any CPU
		{DFBCB487-DE6B-49CF-BC1C-8DD8CDADAFEA}.Debug|x64.Build.0 = Debug|Any CPU
		{DFBCB487-DE6B-49CF-BC1C-8DD8CDADAFEA}.Release|x64.ActiveCfg = Release|Any CPU
		{DFBCB487-DE6B-49CF-BC1C-8DD8CDADAFEA}.Release|x64.Build.0 = Release|Any CPU
		{C65A5CD8-62E7-494A-966D-5BB6731F9C2F}.Debug|x64.ActiveCfg = Debug|Any CPU
		{C65A5CD8-62E7-494A-966D-5BB6731F9C2F}.Debug|x64.Build.0 = Debug|Any CPU
		{C65A5CD8-62E7-494A-966D-5BB6731F9C2F}.Release|x64.ActiveCfg = Release|Any CPU
		{C65A5CD8-62E7-494A-966D-5BB6731F9C2F}.Release|x64.Build.0 = Release|Any CPU
		{B108BCD7-645E-4826-A333-CBED547E8744}.Debug|x64.ActiveCfg = Debug|Any CPU
		{B108BCD7-645E-4826-A333-CBED547E8744}.Debug|x64.Build.0 = Debug|Any CPU
		{B108BCD7-645E-4826-A333-CBED547E8744}.Release|x64.ActiveCfg = Release|Any CPU
		{B108BCD7-645E-4826-A333-CBED547E8744}.Release|x64.Build.0 = Release|Any CPU
		{D6BC0B03-CB6B-4CE1-A3A5-A75957DE2033}.Debug|x64.ActiveCfg = Debug|Any CPU
		{D6BC0B03-CB6B-4CE1-A3A5-A75957DE2033}.Debug|x64.Build.0 = Debug|Any CPU
		{D6BC0B03-CB6B-4CE1-A3A5-A75957DE2033}.Release|x64.ActiveCfg = Release|Any CPU
		{D6BC0B03-CB6B-4CE1-A3A5-A75957DE2033}.Release|x64.Build.0 = Release|Any CPU
		{A2A8ACB4-7FC9-48C7-86BC-3D71E0F777D4}.Debug|x64.ActiveCfg = Debug|Any CPU
		{A2A8ACB4-7FC9-48C7-86BC-3D71E0F777D4}.Debug|x64.Build.0 = Debug|Any CPU
		{A2A8ACB4-7FC9-48C7-86BC-3D71E0F777D4}.Release|x64.ActiveCfg = Release|Any CPU
		{A2A8ACB4-7FC9-48C7-86BC-3D71E0F777D4}.Release|x64.Build.0 = Release|Any CPU
		{09ACB774-90C8-4F30-9688-B0DDA37C9725}.Debug|x64.ActiveCfg = Debug|Any CPU
		{09ACB774-90C8-4F30-9688-B0DDA37C9725}.Debug|x64.Build.0 = Debug|Any CPU
		{09ACB774-90C8-4F30-9688-B0DDA37C9725}.Release|x64.ActiveCfg = Release|Any CPU
		{09ACB774-90C8-4F30-9688-B0DDA37C9725}.Release|x64.Build.0 = Release|Any CPU
		{73839B41-DF3E-4B48-A327-3D6CCEC7B372}.Debug|x64.ActiveCfg = Debug|Any CPU
		{73839B41-DF3E-4B48-A327-3D6CCEC7B372}.Debug|x64.Build.0 = Debug|Any CPU
		{73839B41-DF3E-4B48-A327-3D6CCEC7B372}.Release|x64.ActiveCfg = Release|Any CPU
		{73839B41-DF3E-4B48-A327-3D6CCEC7B372}.Release|x64.Build.0 = Release|Any CPU
	EndGlobalSection
	GlobalSection(SolutionProperties) = preSolution
		HideSolutionNode = FALSE
	EndGlobalSection
	GlobalSection(ExtensibilityGlobals) = postSolution
		SolutionGuid = {8050A36C-7F21-4C8B-BC7C-068EF94E2D03}
	EndGlobalSection
EndGlobal
