Microsoft Visual Studio Solution File, Format Version 12.00
# Visual Studio 14
VisualStudioVersion = 14.0.25420.1
MinimumVisualStudioVersion = 10.0.40219.1
Project("{FAE04EC0-301F-11D3-BF4B-00C04F79EFBC}") = "CanvasCommon.net45", "..\CanvasCommon\CanvasCommon.net45\CanvasCommon.net45.csproj", "{EC8755F1-74BD-4A1F-9B82-5133D2F6A93B}"
EndProject
Project("{FAE04EC0-301F-11D3-BF4B-00C04F79EFBC}") = "CanvasClean", "..\CanvasClean\CanvasClean.csproj", "{3EA57084-D8FD-4978-8CF9-0EF97CFA47D0}"
EndProject
Project("{FAE04EC0-301F-11D3-BF4B-00C04F79EFBC}") = "CanvasPartition.net45", "..\CanvasPartition\CanvasPartition.net45\CanvasPartition.net45.csproj", "{A1660795-CD4A-4FBC-9BF6-DF2A420AA3CA}"
EndProject
Project("{FAE04EC0-301F-11D3-BF4B-00C04F79EFBC}") = "CanvasBin.net45", "..\CanvasBin\CanvasBin.net45\CanvasBin.net45.csproj", "{4FE7DC26-BB44-4A6E-B02B-785328C41260}"
EndProject
Project("{FAE04EC0-301F-11D3-BF4B-00C04F79EFBC}") = "CanvasNormalize", "..\CanvasNormalize\CanvasNormalize.csproj", "{2A31EE7C-45E1-447C-B05F-9B4AC8B7733E}"
EndProject
Project("{FAE04EC0-301F-11D3-BF4B-00C04F79EFBC}") = "EvaluateCNV", "..\..\..\Tools\EvaluateCNV\EvaluateCNV.csproj", "{2467744A-CDDA-4E79-9039-F7724188937F}"
EndProject
Project("{FAE04EC0-301F-11D3-BF4B-00C04F79EFBC}") = "FlagUniqueKmers.net45", "..\..\..\Tools\FlagUniqueKmers.net451\FlagUniqueKmers.net45.csproj", "{A11534D4-4C2B-4A1A-912F-5C1C03FD5851}"
EndProject
Project("{FAE04EC0-301F-11D3-BF4B-00C04F79EFBC}") = "Canvas.net45", "Canvas.net45\Canvas.net45.csproj", "{F7EB30CA-EB4A-4E80-A067-0D9498A9F5B6}"
	ProjectSection(ProjectDependencies) = postProject
		{74169E0F-DB8F-4A86-AEBE-C7DC4E15F916} = {74169E0F-DB8F-4A86-AEBE-C7DC4E15F916}
		{A08C4A1E-133E-4339-89E4-54651D37BAF0} = {A08C4A1E-133E-4339-89E4-54651D37BAF0}
		{4FE7DC26-BB44-4A6E-B02B-785328C41260} = {4FE7DC26-BB44-4A6E-B02B-785328C41260}
		{2467744A-CDDA-4E79-9039-F7724188937F} = {2467744A-CDDA-4E79-9039-F7724188937F}
		{FFD9D459-C697-4E50-9E61-0B192A064211} = {FFD9D459-C697-4E50-9E61-0B192A064211}
		{4DC19472-77F6-4482-B5BE-8D15760F89F7} = {4DC19472-77F6-4482-B5BE-8D15760F89F7}
		{2A31EE7C-45E1-447C-B05F-9B4AC8B7733E} = {2A31EE7C-45E1-447C-B05F-9B4AC8B7733E}
		{3EA57084-D8FD-4978-8CF9-0EF97CFA47D0} = {3EA57084-D8FD-4978-8CF9-0EF97CFA47D0}
		{A1660795-CD4A-4FBC-9BF6-DF2A420AA3CA} = {A1660795-CD4A-4FBC-9BF6-DF2A420AA3CA}
		{A11534D4-4C2B-4A1A-912F-5C1C03FD5851} = {A11534D4-4C2B-4A1A-912F-5C1C03FD5851}
	EndProjectSection
EndProject
Project("{FAE04EC0-301F-11D3-BF4B-00C04F79EFBC}") = "CanvasTest", "..\CanvasTest\CanvasTest.csproj", "{131A3BED-01A9-44A5-9CD1-3A06AE443341}"
EndProject
Project("{FAE04EC0-301F-11D3-BF4B-00C04F79EFBC}") = "CanvasSNV", "..\CanvasSNV\CanvasSNV.csproj", "{4DC19472-77F6-4482-B5BE-8D15760F89F7}"
EndProject
Project("{FAE04EC0-301F-11D3-BF4B-00C04F79EFBC}") = "CanvasSomaticCaller.net45", "..\CanvasSomaticCaller\CanvasSomaticCaller.net45\CanvasSomaticCaller.net45.csproj", "{A08C4A1E-133E-4339-89E4-54651D37BAF0}"
EndProject
Project("{FAE04EC0-301F-11D3-BF4B-00C04F79EFBC}") = "CanvasSmooth", "..\CanvasSmooth\CanvasSmooth.csproj", "{74169E0F-DB8F-4A86-AEBE-C7DC4E15F916}"
EndProject
Project("{FAE04EC0-301F-11D3-BF4B-00C04F79EFBC}") = "CanvasPedigreeCaller", "..\CanvasPedigreeCaller\CanvasPedigreeCaller.csproj", "{3FDC28D1-F5D6-444A-AB84-85F6F3D3812C}"
EndProject
Project("{FAE04EC0-301F-11D3-BF4B-00C04F79EFBC}") = "Wrapper", "..\Canvas.Wrapper\Wrapper\Wrapper.csproj", "{D1C9E06E-A648-40F2-A059-EC8B644F554B}"
EndProject
Project("{2150E333-8FDC-42A3-9474-1A3956D46DE8}") = "Solution Items", "Solution Items", "{9E50841F-8F99-4A4C-A84B-1606360EBFD9}"
	ProjectSection(SolutionItems) = preProject
		Canvas.net45\Canvas.nuspec = Canvas.net45\Canvas.nuspec
		Canvas.net45\Canvas.targets = Canvas.net45\Canvas.targets
		NuGet.config = NuGet.config
	EndProjectSection
EndProject
Project("{8BB2217D-0F2D-49D1-97BC-3654ED321F3B}") = "FlagUniqueKmers", "..\..\..\Tools\FlagUniqueKmers\FlagUniqueKmers.xproj", "{976838FB-E881-4DF6-8DE0-272392382979}"
EndProject
Project("{FAE04EC0-301F-11D3-BF4B-00C04F79EFBC}") = "CanvasDiploidCaller.net45", "..\CanvasDiploidCaller\CanvasDiploidCaller.net45\CanvasDiploidCaller.net45.csproj", "{FFD9D459-C697-4E50-9E61-0B192A064211}"
EndProject
Project("{8BB2217D-0F2D-49D1-97BC-3654ED321F3B}") = "CanvasDiploidCaller", "..\CanvasDiploidCaller\CanvasDiploidCaller.xproj", "{D128F0FE-EC58-4CED-B8B1-E77FFD6845D8}"
EndProject
Project("{8BB2217D-0F2D-49D1-97BC-3654ED321F3B}") = "CanvasCommon", "..\CanvasCommon\CanvasCommon.xproj", "{FEBA6659-C876-4C0A-BDB5-F41B35AB710F}"
EndProject
Project("{8BB2217D-0F2D-49D1-97BC-3654ED321F3B}") = "Combinatorics", "..\Combinatorics\Combinatorics.xproj", "{A3F6394B-0943-4409-A9C1-700B8A72F887}"
EndProject
Project("{8BB2217D-0F2D-49D1-97BC-3654ED321F3B}") = "CanvasSomaticCaller", "..\CanvasSomaticCaller\CanvasSomaticCaller.xproj", "{35E4F059-D0DE-4F1F-A806-9713B5F6AA93}"
EndProject
Project("{8BB2217D-0F2D-49D1-97BC-3654ED321F3B}") = "CanvasBin", "..\CanvasBin\CanvasBin.xproj", "{CE36BF17-4827-4D75-87D1-19657E569862}"
EndProject
Project("{8BB2217D-0F2D-49D1-97BC-3654ED321F3B}") = "Canvas", "Canvas.xproj", "{48B9C165-4751-40BC-A2AE-522CC50A96A1}"
EndProject
Project("{8BB2217D-0F2D-49D1-97BC-3654ED321F3B}") = "CanvasPartition", "..\CanvasPartition\CanvasPartition.xproj", "{7842AE63-6305-466C-970F-7E218A5062A3}"
EndProject
Global
	GlobalSection(SolutionConfigurationPlatforms) = preSolution
		Debug|x64 = Debug|x64
		Release|x64 = Release|x64
	EndGlobalSection
	GlobalSection(ProjectConfigurationPlatforms) = postSolution
		{EC8755F1-74BD-4A1F-9B82-5133D2F6A93B}.Debug|x64.ActiveCfg = Debug|x64
		{EC8755F1-74BD-4A1F-9B82-5133D2F6A93B}.Debug|x64.Build.0 = Debug|x64
		{EC8755F1-74BD-4A1F-9B82-5133D2F6A93B}.Release|x64.ActiveCfg = Release|x64
		{EC8755F1-74BD-4A1F-9B82-5133D2F6A93B}.Release|x64.Build.0 = Release|x64
		{3EA57084-D8FD-4978-8CF9-0EF97CFA47D0}.Debug|x64.ActiveCfg = Debug|x64
		{3EA57084-D8FD-4978-8CF9-0EF97CFA47D0}.Debug|x64.Build.0 = Debug|x64
		{3EA57084-D8FD-4978-8CF9-0EF97CFA47D0}.Release|x64.ActiveCfg = Release|x64
		{3EA57084-D8FD-4978-8CF9-0EF97CFA47D0}.Release|x64.Build.0 = Release|x64
		{A1660795-CD4A-4FBC-9BF6-DF2A420AA3CA}.Debug|x64.ActiveCfg = Debug|x64
		{A1660795-CD4A-4FBC-9BF6-DF2A420AA3CA}.Debug|x64.Build.0 = Debug|x64
		{A1660795-CD4A-4FBC-9BF6-DF2A420AA3CA}.Release|x64.ActiveCfg = Release|x64
		{A1660795-CD4A-4FBC-9BF6-DF2A420AA3CA}.Release|x64.Build.0 = Release|x64
		{4FE7DC26-BB44-4A6E-B02B-785328C41260}.Debug|x64.ActiveCfg = Debug|x64
		{4FE7DC26-BB44-4A6E-B02B-785328C41260}.Debug|x64.Build.0 = Debug|x64
		{4FE7DC26-BB44-4A6E-B02B-785328C41260}.Release|x64.ActiveCfg = Release|x64
		{4FE7DC26-BB44-4A6E-B02B-785328C41260}.Release|x64.Build.0 = Release|x64
		{2A31EE7C-45E1-447C-B05F-9B4AC8B7733E}.Debug|x64.ActiveCfg = Debug|x64
		{2A31EE7C-45E1-447C-B05F-9B4AC8B7733E}.Debug|x64.Build.0 = Debug|x64
		{2A31EE7C-45E1-447C-B05F-9B4AC8B7733E}.Release|x64.ActiveCfg = Release|x64
		{2A31EE7C-45E1-447C-B05F-9B4AC8B7733E}.Release|x64.Build.0 = Release|x64
		{2467744A-CDDA-4E79-9039-F7724188937F}.Debug|x64.ActiveCfg = Debug|x64
		{2467744A-CDDA-4E79-9039-F7724188937F}.Debug|x64.Build.0 = Debug|x64
		{2467744A-CDDA-4E79-9039-F7724188937F}.Release|x64.ActiveCfg = Release|x64
		{2467744A-CDDA-4E79-9039-F7724188937F}.Release|x64.Build.0 = Release|x64
		{A11534D4-4C2B-4A1A-912F-5C1C03FD5851}.Debug|x64.ActiveCfg = Debug|x64
		{A11534D4-4C2B-4A1A-912F-5C1C03FD5851}.Debug|x64.Build.0 = Debug|x64
		{A11534D4-4C2B-4A1A-912F-5C1C03FD5851}.Release|x64.ActiveCfg = Release|x64
		{A11534D4-4C2B-4A1A-912F-5C1C03FD5851}.Release|x64.Build.0 = Release|x64
		{F7EB30CA-EB4A-4E80-A067-0D9498A9F5B6}.Debug|x64.ActiveCfg = Debug|x64
		{F7EB30CA-EB4A-4E80-A067-0D9498A9F5B6}.Debug|x64.Build.0 = Debug|x64
		{F7EB30CA-EB4A-4E80-A067-0D9498A9F5B6}.Release|x64.ActiveCfg = Release|x64
		{F7EB30CA-EB4A-4E80-A067-0D9498A9F5B6}.Release|x64.Build.0 = Release|x64
		{131A3BED-01A9-44A5-9CD1-3A06AE443341}.Debug|x64.ActiveCfg = Debug|x64
		{131A3BED-01A9-44A5-9CD1-3A06AE443341}.Debug|x64.Build.0 = Debug|x64
		{131A3BED-01A9-44A5-9CD1-3A06AE443341}.Release|x64.ActiveCfg = Release|x64
		{131A3BED-01A9-44A5-9CD1-3A06AE443341}.Release|x64.Build.0 = Release|x64
		{4DC19472-77F6-4482-B5BE-8D15760F89F7}.Debug|x64.ActiveCfg = Debug|x64
		{4DC19472-77F6-4482-B5BE-8D15760F89F7}.Debug|x64.Build.0 = Debug|x64
		{4DC19472-77F6-4482-B5BE-8D15760F89F7}.Release|x64.ActiveCfg = Release|x64
		{4DC19472-77F6-4482-B5BE-8D15760F89F7}.Release|x64.Build.0 = Release|x64
		{A08C4A1E-133E-4339-89E4-54651D37BAF0}.Debug|x64.ActiveCfg = Debug|x64
		{A08C4A1E-133E-4339-89E4-54651D37BAF0}.Debug|x64.Build.0 = Debug|x64
		{A08C4A1E-133E-4339-89E4-54651D37BAF0}.Release|x64.ActiveCfg = Release|x64
		{A08C4A1E-133E-4339-89E4-54651D37BAF0}.Release|x64.Build.0 = Release|x64
		{74169E0F-DB8F-4A86-AEBE-C7DC4E15F916}.Debug|x64.ActiveCfg = Debug|x64
		{74169E0F-DB8F-4A86-AEBE-C7DC4E15F916}.Debug|x64.Build.0 = Debug|x64
		{74169E0F-DB8F-4A86-AEBE-C7DC4E15F916}.Release|x64.ActiveCfg = Release|x64
		{74169E0F-DB8F-4A86-AEBE-C7DC4E15F916}.Release|x64.Build.0 = Release|x64
		{3FDC28D1-F5D6-444A-AB84-85F6F3D3812C}.Debug|x64.ActiveCfg = Debug|Any CPU
		{3FDC28D1-F5D6-444A-AB84-85F6F3D3812C}.Debug|x64.Build.0 = Debug|Any CPU
		{3FDC28D1-F5D6-444A-AB84-85F6F3D3812C}.Release|x64.ActiveCfg = Release|x64
		{3FDC28D1-F5D6-444A-AB84-85F6F3D3812C}.Release|x64.Build.0 = Release|x64
		{D1C9E06E-A648-40F2-A059-EC8B644F554B}.Debug|x64.ActiveCfg = Debug|x64
		{D1C9E06E-A648-40F2-A059-EC8B644F554B}.Debug|x64.Build.0 = Debug|x64
		{D1C9E06E-A648-40F2-A059-EC8B644F554B}.Release|x64.ActiveCfg = Release|x64
		{D1C9E06E-A648-40F2-A059-EC8B644F554B}.Release|x64.Build.0 = Release|x64
		{976838FB-E881-4DF6-8DE0-272392382979}.Debug|x64.ActiveCfg = Debug|Any CPU
		{976838FB-E881-4DF6-8DE0-272392382979}.Debug|x64.Build.0 = Debug|Any CPU
		{976838FB-E881-4DF6-8DE0-272392382979}.Release|x64.ActiveCfg = Release|Any CPU
		{976838FB-E881-4DF6-8DE0-272392382979}.Release|x64.Build.0 = Release|Any CPU
		{FFD9D459-C697-4E50-9E61-0B192A064211}.Debug|x64.ActiveCfg = Debug|x64
		{FFD9D459-C697-4E50-9E61-0B192A064211}.Debug|x64.Build.0 = Debug|x64
		{FFD9D459-C697-4E50-9E61-0B192A064211}.Release|x64.ActiveCfg = Release|x64
		{FFD9D459-C697-4E50-9E61-0B192A064211}.Release|x64.Build.0 = Release|x64
		{D128F0FE-EC58-4CED-B8B1-E77FFD6845D8}.Debug|x64.ActiveCfg = Debug|Any CPU
		{D128F0FE-EC58-4CED-B8B1-E77FFD6845D8}.Debug|x64.Build.0 = Debug|Any CPU
		{D128F0FE-EC58-4CED-B8B1-E77FFD6845D8}.Release|x64.ActiveCfg = Release|Any CPU
		{D128F0FE-EC58-4CED-B8B1-E77FFD6845D8}.Release|x64.Build.0 = Release|Any CPU
		{FEBA6659-C876-4C0A-BDB5-F41B35AB710F}.Debug|x64.ActiveCfg = Debug|Any CPU
		{FEBA6659-C876-4C0A-BDB5-F41B35AB710F}.Debug|x64.Build.0 = Debug|Any CPU
		{FEBA6659-C876-4C0A-BDB5-F41B35AB710F}.Release|x64.ActiveCfg = Release|Any CPU
		{FEBA6659-C876-4C0A-BDB5-F41B35AB710F}.Release|x64.Build.0 = Release|Any CPU
		{A3F6394B-0943-4409-A9C1-700B8A72F887}.Debug|x64.ActiveCfg = Debug|Any CPU
		{A3F6394B-0943-4409-A9C1-700B8A72F887}.Debug|x64.Build.0 = Debug|Any CPU
		{A3F6394B-0943-4409-A9C1-700B8A72F887}.Release|x64.ActiveCfg = Release|Any CPU
		{A3F6394B-0943-4409-A9C1-700B8A72F887}.Release|x64.Build.0 = Release|Any CPU
		{35E4F059-D0DE-4F1F-A806-9713B5F6AA93}.Debug|x64.ActiveCfg = Debug|Any CPU
		{35E4F059-D0DE-4F1F-A806-9713B5F6AA93}.Debug|x64.Build.0 = Debug|Any CPU
		{35E4F059-D0DE-4F1F-A806-9713B5F6AA93}.Release|x64.ActiveCfg = Release|Any CPU
		{35E4F059-D0DE-4F1F-A806-9713B5F6AA93}.Release|x64.Build.0 = Release|Any CPU
		{CE36BF17-4827-4D75-87D1-19657E569862}.Debug|x64.ActiveCfg = Debug|Any CPU
		{CE36BF17-4827-4D75-87D1-19657E569862}.Debug|x64.Build.0 = Debug|Any CPU
		{CE36BF17-4827-4D75-87D1-19657E569862}.Release|x64.ActiveCfg = Release|Any CPU
		{CE36BF17-4827-4D75-87D1-19657E569862}.Release|x64.Build.0 = Release|Any CPU
		{48B9C165-4751-40BC-A2AE-522CC50A96A1}.Debug|x64.ActiveCfg = Debug|Any CPU
		{48B9C165-4751-40BC-A2AE-522CC50A96A1}.Debug|x64.Build.0 = Debug|Any CPU
		{48B9C165-4751-40BC-A2AE-522CC50A96A1}.Release|x64.ActiveCfg = Release|Any CPU
		{48B9C165-4751-40BC-A2AE-522CC50A96A1}.Release|x64.Build.0 = Release|Any CPU
		{7842AE63-6305-466C-970F-7E218A5062A3}.Debug|x64.ActiveCfg = Debug|Any CPU
		{7842AE63-6305-466C-970F-7E218A5062A3}.Debug|x64.Build.0 = Debug|Any CPU
		{7842AE63-6305-466C-970F-7E218A5062A3}.Release|x64.ActiveCfg = Release|Any CPU
		{7842AE63-6305-466C-970F-7E218A5062A3}.Release|x64.Build.0 = Release|Any CPU
	EndGlobalSection
	GlobalSection(SolutionProperties) = preSolution
		HideSolutionNode = FALSE
	EndGlobalSection
EndGlobal
