Microsoft Visual Studio Solution File, Format Version 12.00
# Visual Studio 14
VisualStudioVersion = 14.0.24720.0
MinimumVisualStudioVersion = 10.0.40219.1
Project("{FAE04EC0-301F-11D3-BF4B-00C04F79EFBC}") = "CanvasCommon", "..\CanvasCommon\CanvasCommon.csproj", "{EC8755F1-74BD-4A1F-9B82-5133D2F6A93B}"
EndProject
Project("{FAE04EC0-301F-11D3-BF4B-00C04F79EFBC}") = "CanvasClean", "..\CanvasClean\CanvasClean.csproj", "{3EA57084-D8FD-4978-8CF9-0EF97CFA47D0}"
EndProject
Project("{FAE04EC0-301F-11D3-BF4B-00C04F79EFBC}") = "CanvasPartition", "..\CanvasPartition\CanvasPartition.csproj", "{A1660795-CD4A-4FBC-9BF6-DF2A420AA3CA}"
EndProject
Project("{FAE04EC0-301F-11D3-BF4B-00C04F79EFBC}") = "CanvasDiploidCaller", "..\CanvasDiploidCaller\CanvasDiploidCaller.csproj", "{FFD9D459-C697-4E50-9E61-0B192A064211}"
EndProject
Project("{FAE04EC0-301F-11D3-BF4B-00C04F79EFBC}") = "CanvasBin", "..\CanvasBin\CanvasBin.csproj", "{4FE7DC26-BB44-4A6E-B02B-785328C41260}"
EndProject
Project("{FAE04EC0-301F-11D3-BF4B-00C04F79EFBC}") = "CanvasNormalize", "..\CanvasNormalize\CanvasNormalize.csproj", "{2A31EE7C-45E1-447C-B05F-9B4AC8B7733E}"
EndProject
Project("{FAE04EC0-301F-11D3-BF4B-00C04F79EFBC}") = "EvaluateCNV", "..\..\..\Tools\EvaluateCNV\EvaluateCNV.csproj", "{2467744A-CDDA-4E79-9039-F7724188937F}"
EndProject
Project("{FAE04EC0-301F-11D3-BF4B-00C04F79EFBC}") = "FlagUniqueKmers", "..\..\..\Tools\FlagUniqueKmers\FlagUniqueKmers.csproj", "{A11534D4-4C2B-4A1A-912F-5C1C03FD5851}"
EndProject
Project("{FAE04EC0-301F-11D3-BF4B-00C04F79EFBC}") = "Canvas", "Canvas.csproj", "{F7EB30CA-EB4A-4E80-A067-0D9498A9F5B6}"
	ProjectSection(ProjectDependencies) = postProject
		{A08C4A1E-133E-4339-89E4-54651D37BAF0} = {A08C4A1E-133E-4339-89E4-54651D37BAF0}
		{4FE7DC26-BB44-4A6E-B02B-785328C41260} = {4FE7DC26-BB44-4A6E-B02B-785328C41260}
		{2467744A-CDDA-4E79-9039-F7724188937F} = {2467744A-CDDA-4E79-9039-F7724188937F}
		{FFD9D459-C697-4E50-9E61-0B192A064211} = {FFD9D459-C697-4E50-9E61-0B192A064211}
		{4DC19472-77F6-4482-B5BE-8D15760F89F7} = {4DC19472-77F6-4482-B5BE-8D15760F89F7}
		{2A31EE7C-45E1-447C-B05F-9B4AC8B7733E} = {2A31EE7C-45E1-447C-B05F-9B4AC8B7733E}
		{3EA57084-D8FD-4978-8CF9-0EF97CFA47D0} = {3EA57084-D8FD-4978-8CF9-0EF97CFA47D0}
		{A1660795-CD4A-4FBC-9BF6-DF2A420AA3CA} = {A1660795-CD4A-4FBC-9BF6-DF2A420AA3CA}
		{A11534D4-4C2B-4A1A-912F-5C1C03FD5851} = {A11534D4-4C2B-4A1A-912F-5C1C03FD5851}
	EndProjectSection
EndProject
Project("{FAE04EC0-301F-11D3-BF4B-00C04F79EFBC}") = "CanvasTest", "..\CanvasTest\CanvasTest.csproj", "{131A3BED-01A9-44A5-9CD1-3A06AE443341}"
EndProject
Project("{FAE04EC0-301F-11D3-BF4B-00C04F79EFBC}") = "CanvasSNV", "..\CanvasSNV\CanvasSNV.csproj", "{4DC19472-77F6-4482-B5BE-8D15760F89F7}"
EndProject
Project("{FAE04EC0-301F-11D3-BF4B-00C04F79EFBC}") = "CanvasSomaticCaller", "..\CanvasSomaticCaller\CanvasSomaticCaller.csproj", "{A08C4A1E-133E-4339-89E4-54651D37BAF0}"
EndProject
Global
	GlobalSection(SolutionConfigurationPlatforms) = preSolution
		Debug|x64 = Debug|x64
		Release|x64 = Release|x64
	EndGlobalSection
	GlobalSection(ProjectConfigurationPlatforms) = postSolution
		{EC8755F1-74BD-4A1F-9B82-5133D2F6A93B}.Debug|x64.ActiveCfg = Debug|x64
		{EC8755F1-74BD-4A1F-9B82-5133D2F6A93B}.Debug|x64.Build.0 = Debug|x64
		{EC8755F1-74BD-4A1F-9B82-5133D2F6A93B}.Release|x64.ActiveCfg = Release|x64
		{EC8755F1-74BD-4A1F-9B82-5133D2F6A93B}.Release|x64.Build.0 = Release|x64
		{3EA57084-D8FD-4978-8CF9-0EF97CFA47D0}.Debug|x64.ActiveCfg = Debug|x64
		{3EA57084-D8FD-4978-8CF9-0EF97CFA47D0}.Debug|x64.Build.0 = Debug|x64
		{3EA57084-D8FD-4978-8CF9-0EF97CFA47D0}.Release|x64.ActiveCfg = Release|x64
		{3EA57084-D8FD-4978-8CF9-0EF97CFA47D0}.Release|x64.Build.0 = Release|x64
		{A1660795-CD4A-4FBC-9BF6-DF2A420AA3CA}.Debug|x64.ActiveCfg = Debug|x64
		{A1660795-CD4A-4FBC-9BF6-DF2A420AA3CA}.Debug|x64.Build.0 = Debug|x64
		{A1660795-CD4A-4FBC-9BF6-DF2A420AA3CA}.Release|x64.ActiveCfg = Release|x64
		{A1660795-CD4A-4FBC-9BF6-DF2A420AA3CA}.Release|x64.Build.0 = Release|x64
		{FFD9D459-C697-4E50-9E61-0B192A064211}.Debug|x64.ActiveCfg = Debug|x64
		{FFD9D459-C697-4E50-9E61-0B192A064211}.Debug|x64.Build.0 = Debug|x64
		{FFD9D459-C697-4E50-9E61-0B192A064211}.Release|x64.ActiveCfg = Release|x64
		{FFD9D459-C697-4E50-9E61-0B192A064211}.Release|x64.Build.0 = Release|x64
		{4FE7DC26-BB44-4A6E-B02B-785328C41260}.Debug|x64.ActiveCfg = Debug|x64
		{4FE7DC26-BB44-4A6E-B02B-785328C41260}.Debug|x64.Build.0 = Debug|x64
		{4FE7DC26-BB44-4A6E-B02B-785328C41260}.Release|x64.ActiveCfg = Release|x64
		{4FE7DC26-BB44-4A6E-B02B-785328C41260}.Release|x64.Build.0 = Release|x64
		{2A31EE7C-45E1-447C-B05F-9B4AC8B7733E}.Debug|x64.ActiveCfg = Debug|x64
		{2A31EE7C-45E1-447C-B05F-9B4AC8B7733E}.Debug|x64.Build.0 = Debug|x64
		{2A31EE7C-45E1-447C-B05F-9B4AC8B7733E}.Release|x64.ActiveCfg = Release|x64
		{2A31EE7C-45E1-447C-B05F-9B4AC8B7733E}.Release|x64.Build.0 = Release|x64
		{2467744A-CDDA-4E79-9039-F7724188937F}.Debug|x64.ActiveCfg = Debug|x64
		{2467744A-CDDA-4E79-9039-F7724188937F}.Debug|x64.Build.0 = Debug|x64
		{2467744A-CDDA-4E79-9039-F7724188937F}.Release|x64.ActiveCfg = Release|x64
		{2467744A-CDDA-4E79-9039-F7724188937F}.Release|x64.Build.0 = Release|x64
		{A11534D4-4C2B-4A1A-912F-5C1C03FD5851}.Debug|x64.ActiveCfg = Debug|x64
		{A11534D4-4C2B-4A1A-912F-5C1C03FD5851}.Debug|x64.Build.0 = Debug|x64
		{A11534D4-4C2B-4A1A-912F-5C1C03FD5851}.Release|x64.ActiveCfg = Release|x64
		{A11534D4-4C2B-4A1A-912F-5C1C03FD5851}.Release|x64.Build.0 = Release|x64
		{F7EB30CA-EB4A-4E80-A067-0D9498A9F5B6}.Debug|x64.ActiveCfg = Debug|x64
		{F7EB30CA-EB4A-4E80-A067-0D9498A9F5B6}.Debug|x64.Build.0 = Debug|x64
		{F7EB30CA-EB4A-4E80-A067-0D9498A9F5B6}.Release|x64.ActiveCfg = Release|x64
		{F7EB30CA-EB4A-4E80-A067-0D9498A9F5B6}.Release|x64.Build.0 = Release|x64
		{131A3BED-01A9-44A5-9CD1-3A06AE443341}.Debug|x64.ActiveCfg = Debug|x64
		{131A3BED-01A9-44A5-9CD1-3A06AE443341}.Debug|x64.Build.0 = Debug|x64
		{131A3BED-01A9-44A5-9CD1-3A06AE443341}.Release|x64.ActiveCfg = Release|x64
		{131A3BED-01A9-44A5-9CD1-3A06AE443341}.Release|x64.Build.0 = Release|x64
		{4DC19472-77F6-4482-B5BE-8D15760F89F7}.Debug|x64.ActiveCfg = Debug|x64
		{4DC19472-77F6-4482-B5BE-8D15760F89F7}.Debug|x64.Build.0 = Debug|x64
		{4DC19472-77F6-4482-B5BE-8D15760F89F7}.Release|x64.ActiveCfg = Release|x64
		{4DC19472-77F6-4482-B5BE-8D15760F89F7}.Release|x64.Build.0 = Release|x64
		{A08C4A1E-133E-4339-89E4-54651D37BAF0}.Debug|x64.ActiveCfg = Debug|x64
		{A08C4A1E-133E-4339-89E4-54651D37BAF0}.Debug|x64.Build.0 = Debug|x64
		{A08C4A1E-133E-4339-89E4-54651D37BAF0}.Release|x64.ActiveCfg = Release|x64
		{A08C4A1E-133E-4339-89E4-54651D37BAF0}.Release|x64.Build.0 = Release|x64
	EndGlobalSection
	GlobalSection(SolutionProperties) = preSolution
		HideSolutionNode = FALSE
	EndGlobalSection
EndGlobal
