
Microsoft Visual Studio Solution File, Format Version 12.00
# Visual Studio 14
VisualStudioVersion = 14.0.23107.0
MinimumVisualStudioVersion = 10.0.40219.1
Project("{FAE04EC0-301F-11D3-BF4B-00C04F79EFBC}") = "CanvasCommon", "CanvasCommon\CanvasCommon.csproj", "{EC8755F1-74BD-4A1F-9B82-5133D2F6A93B}"
EndProject
Project("{FAE04EC0-301F-11D3-BF4B-00C04F79EFBC}") = "CanvasClean", "CanvasClean\CanvasClean.csproj", "{3EA57084-D8FD-4978-8CF9-0EF97CFA47D0}"
EndProject
Project("{FAE04EC0-301F-11D3-BF4B-00C04F79EFBC}") = "CanvasPartition", "CanvasPartition\CanvasPartition.csproj", "{A1660795-CD4A-4FBC-9BF6-DF2A420AA3CA}"
EndProject
Project("{FAE04EC0-301F-11D3-BF4B-00C04F79EFBC}") = "CanvasDiploidCaller", "CanvasDiploidCaller\CanvasDiploidCaller.csproj", "{FFD9D459-C697-4E50-9E61-0B192A064211}"
EndProject
Project("{8BC9CEB8-8B4A-11D0-8D11-00A0C91BC942}") = "FileCompression", "..\Compression\FileCompression.vcxproj", "{C53658BC-5826-4520-958E-FE57C1D01738}"
EndProject
Project("{FAE04EC0-301F-11D3-BF4B-00C04F79EFBC}") = "ILMNcommon", "..\ILMNcommon\ILMNcommon.csproj", "{6848DA28-BACA-4E4D-9E1D-BAD1E7CB9CDE}"
EndProject
Project("{FAE04EC0-301F-11D3-BF4B-00C04F79EFBC}") = "SequencingFiles", "..\SequencingFiles\SequencingFiles.csproj", "{3EAE6805-E445-4102-87C1-F57E20677778}"
EndProject
Project("{FAE04EC0-301F-11D3-BF4B-00C04F79EFBC}") = "CanvasBin", "CanvasBin\CanvasBin.csproj", "{4FE7DC26-BB44-4A6E-B02B-785328C41260}"
	ProjectSection(ProjectDependencies) = postProject
		{C53658BC-5826-4520-958E-FE57C1D01738} = {C53658BC-5826-4520-958E-FE57C1D01738}
	EndProjectSection
EndProject
Project("{FAE04EC0-301F-11D3-BF4B-00C04F79EFBC}") = "CanvasNormalize", "CanvasNormalize\CanvasNormalize.csproj", "{2A31EE7C-45E1-447C-B05F-9B4AC8B7733E}"
EndProject
Project("{FAE04EC0-301F-11D3-BF4B-00C04F79EFBC}") = "Canvas", "Canvas\Canvas.csproj", "{F7EB30CA-EB4A-4E80-A067-0D9498A9F5B6}"
EndProject
Project("{FAE04EC0-301F-11D3-BF4B-00C04F79EFBC}") = "Isas.Shared", "..\Isas.Shared\Isas.Shared.csproj", "{F2063FF3-61A7-4084-845D-DA591011E36F}"
EndProject
Project("{FAE04EC0-301F-11D3-BF4B-00C04F79EFBC}") = "SampleSheet", "..\SampleSheet\SampleSheet.csproj", "{F310B4EF-80CA-4486-93A3-7E028EDCD8B3}"
EndProject
Project("{FAE04EC0-301F-11D3-BF4B-00C04F79EFBC}") = "NumericalAnalysis", "..\NumericalAnalysis\NumericalAnalysis.csproj", "{6ACF1C27-77B9-490A-BE22-D1A576DD7D56}"
EndProject
Global
	GlobalSection(SolutionConfigurationPlatforms) = preSolution
		Debug|Any CPU = Debug|Any CPU
		Debug|Mixed Platforms = Debug|Mixed Platforms
		Debug|x64 = Debug|x64
		Release|Any CPU = Release|Any CPU
		Release|Mixed Platforms = Release|Mixed Platforms
		Release|x64 = Release|x64
		TeamBuild|Any CPU = TeamBuild|Any CPU
		TeamBuild|Mixed Platforms = TeamBuild|Mixed Platforms
		TeamBuild|x64 = TeamBuild|x64
	EndGlobalSection
	GlobalSection(ProjectConfigurationPlatforms) = postSolution
		{EC8755F1-74BD-4A1F-9B82-5133D2F6A93B}.Debug|Any CPU.ActiveCfg = Debug|Any CPU
		{EC8755F1-74BD-4A1F-9B82-5133D2F6A93B}.Debug|Any CPU.Build.0 = Debug|Any CPU
		{EC8755F1-74BD-4A1F-9B82-5133D2F6A93B}.Debug|Mixed Platforms.ActiveCfg = Debug|Any CPU
		{EC8755F1-74BD-4A1F-9B82-5133D2F6A93B}.Debug|Mixed Platforms.Build.0 = Debug|Any CPU
		{EC8755F1-74BD-4A1F-9B82-5133D2F6A93B}.Debug|x64.ActiveCfg = Debug|x64
		{EC8755F1-74BD-4A1F-9B82-5133D2F6A93B}.Debug|x64.Build.0 = Debug|x64
		{EC8755F1-74BD-4A1F-9B82-5133D2F6A93B}.Release|Any CPU.ActiveCfg = Release|Any CPU
		{EC8755F1-74BD-4A1F-9B82-5133D2F6A93B}.Release|Any CPU.Build.0 = Release|Any CPU
		{EC8755F1-74BD-4A1F-9B82-5133D2F6A93B}.Release|Mixed Platforms.ActiveCfg = Release|Any CPU
		{EC8755F1-74BD-4A1F-9B82-5133D2F6A93B}.Release|Mixed Platforms.Build.0 = Release|Any CPU
		{EC8755F1-74BD-4A1F-9B82-5133D2F6A93B}.Release|x64.ActiveCfg = Release|x64
		{EC8755F1-74BD-4A1F-9B82-5133D2F6A93B}.Release|x64.Build.0 = Release|x64
		{EC8755F1-74BD-4A1F-9B82-5133D2F6A93B}.TeamBuild|Any CPU.ActiveCfg = Release|Any CPU
		{EC8755F1-74BD-4A1F-9B82-5133D2F6A93B}.TeamBuild|Any CPU.Build.0 = Release|Any CPU
		{EC8755F1-74BD-4A1F-9B82-5133D2F6A93B}.TeamBuild|Mixed Platforms.ActiveCfg = Release|Any CPU
		{EC8755F1-74BD-4A1F-9B82-5133D2F6A93B}.TeamBuild|Mixed Platforms.Build.0 = Release|Any CPU
		{EC8755F1-74BD-4A1F-9B82-5133D2F6A93B}.TeamBuild|x64.ActiveCfg = Release|x64
		{EC8755F1-74BD-4A1F-9B82-5133D2F6A93B}.TeamBuild|x64.Build.0 = Release|x64
		{3EA57084-D8FD-4978-8CF9-0EF97CFA47D0}.Debug|Any CPU.ActiveCfg = Debug|Any CPU
		{3EA57084-D8FD-4978-8CF9-0EF97CFA47D0}.Debug|Any CPU.Build.0 = Debug|Any CPU
		{3EA57084-D8FD-4978-8CF9-0EF97CFA47D0}.Debug|Mixed Platforms.ActiveCfg = Debug|Any CPU
		{3EA57084-D8FD-4978-8CF9-0EF97CFA47D0}.Debug|Mixed Platforms.Build.0 = Debug|Any CPU
		{3EA57084-D8FD-4978-8CF9-0EF97CFA47D0}.Debug|x64.ActiveCfg = Debug|x64
		{3EA57084-D8FD-4978-8CF9-0EF97CFA47D0}.Debug|x64.Build.0 = Debug|x64
		{3EA57084-D8FD-4978-8CF9-0EF97CFA47D0}.Release|Any CPU.ActiveCfg = Release|Any CPU
		{3EA57084-D8FD-4978-8CF9-0EF97CFA47D0}.Release|Any CPU.Build.0 = Release|Any CPU
		{3EA57084-D8FD-4978-8CF9-0EF97CFA47D0}.Release|Mixed Platforms.ActiveCfg = Release|Any CPU
		{3EA57084-D8FD-4978-8CF9-0EF97CFA47D0}.Release|Mixed Platforms.Build.0 = Release|Any CPU
		{3EA57084-D8FD-4978-8CF9-0EF97CFA47D0}.Release|x64.ActiveCfg = Release|x64
		{3EA57084-D8FD-4978-8CF9-0EF97CFA47D0}.Release|x64.Build.0 = Release|x64
		{3EA57084-D8FD-4978-8CF9-0EF97CFA47D0}.TeamBuild|Any CPU.ActiveCfg = Release|Any CPU
		{3EA57084-D8FD-4978-8CF9-0EF97CFA47D0}.TeamBuild|Any CPU.Build.0 = Release|Any CPU
		{3EA57084-D8FD-4978-8CF9-0EF97CFA47D0}.TeamBuild|Mixed Platforms.ActiveCfg = Release|Any CPU
		{3EA57084-D8FD-4978-8CF9-0EF97CFA47D0}.TeamBuild|Mixed Platforms.Build.0 = Release|Any CPU
		{3EA57084-D8FD-4978-8CF9-0EF97CFA47D0}.TeamBuild|x64.ActiveCfg = Release|x64
		{3EA57084-D8FD-4978-8CF9-0EF97CFA47D0}.TeamBuild|x64.Build.0 = Release|x64
		{A1660795-CD4A-4FBC-9BF6-DF2A420AA3CA}.Debug|Any CPU.ActiveCfg = Debug|Any CPU
		{A1660795-CD4A-4FBC-9BF6-DF2A420AA3CA}.Debug|Any CPU.Build.0 = Debug|Any CPU
		{A1660795-CD4A-4FBC-9BF6-DF2A420AA3CA}.Debug|Mixed Platforms.ActiveCfg = Debug|Any CPU
		{A1660795-CD4A-4FBC-9BF6-DF2A420AA3CA}.Debug|Mixed Platforms.Build.0 = Debug|Any CPU
		{A1660795-CD4A-4FBC-9BF6-DF2A420AA3CA}.Debug|x64.ActiveCfg = Debug|x64
		{A1660795-CD4A-4FBC-9BF6-DF2A420AA3CA}.Debug|x64.Build.0 = Debug|x64
		{A1660795-CD4A-4FBC-9BF6-DF2A420AA3CA}.Release|Any CPU.ActiveCfg = Release|Any CPU
		{A1660795-CD4A-4FBC-9BF6-DF2A420AA3CA}.Release|Any CPU.Build.0 = Release|Any CPU
		{A1660795-CD4A-4FBC-9BF6-DF2A420AA3CA}.Release|Mixed Platforms.ActiveCfg = Release|Any CPU
		{A1660795-CD4A-4FBC-9BF6-DF2A420AA3CA}.Release|Mixed Platforms.Build.0 = Release|Any CPU
		{A1660795-CD4A-4FBC-9BF6-DF2A420AA3CA}.Release|x64.ActiveCfg = Release|x64
		{A1660795-CD4A-4FBC-9BF6-DF2A420AA3CA}.Release|x64.Build.0 = Release|x64
		{A1660795-CD4A-4FBC-9BF6-DF2A420AA3CA}.TeamBuild|Any CPU.ActiveCfg = Release|Any CPU
		{A1660795-CD4A-4FBC-9BF6-DF2A420AA3CA}.TeamBuild|Any CPU.Build.0 = Release|Any CPU
		{A1660795-CD4A-4FBC-9BF6-DF2A420AA3CA}.TeamBuild|Mixed Platforms.ActiveCfg = Release|Any CPU
		{A1660795-CD4A-4FBC-9BF6-DF2A420AA3CA}.TeamBuild|Mixed Platforms.Build.0 = Release|Any CPU
		{A1660795-CD4A-4FBC-9BF6-DF2A420AA3CA}.TeamBuild|x64.ActiveCfg = Release|x64
		{A1660795-CD4A-4FBC-9BF6-DF2A420AA3CA}.TeamBuild|x64.Build.0 = Release|x64
		{FFD9D459-C697-4E50-9E61-0B192A064211}.Debug|Any CPU.ActiveCfg = Debug|Any CPU
		{FFD9D459-C697-4E50-9E61-0B192A064211}.Debug|Any CPU.Build.0 = Debug|Any CPU
		{FFD9D459-C697-4E50-9E61-0B192A064211}.Debug|Mixed Platforms.ActiveCfg = Debug|Any CPU
		{FFD9D459-C697-4E50-9E61-0B192A064211}.Debug|Mixed Platforms.Build.0 = Debug|Any CPU
		{FFD9D459-C697-4E50-9E61-0B192A064211}.Debug|x64.ActiveCfg = Debug|x64
		{FFD9D459-C697-4E50-9E61-0B192A064211}.Debug|x64.Build.0 = Debug|x64
		{FFD9D459-C697-4E50-9E61-0B192A064211}.Release|Any CPU.ActiveCfg = Release|Any CPU
		{FFD9D459-C697-4E50-9E61-0B192A064211}.Release|Any CPU.Build.0 = Release|Any CPU
		{FFD9D459-C697-4E50-9E61-0B192A064211}.Release|Mixed Platforms.ActiveCfg = Release|Any CPU
		{FFD9D459-C697-4E50-9E61-0B192A064211}.Release|Mixed Platforms.Build.0 = Release|Any CPU
		{FFD9D459-C697-4E50-9E61-0B192A064211}.Release|x64.ActiveCfg = Release|x64
		{FFD9D459-C697-4E50-9E61-0B192A064211}.Release|x64.Build.0 = Release|x64
		{FFD9D459-C697-4E50-9E61-0B192A064211}.TeamBuild|Any CPU.ActiveCfg = Release|Any CPU
		{FFD9D459-C697-4E50-9E61-0B192A064211}.TeamBuild|Any CPU.Build.0 = Release|Any CPU
		{FFD9D459-C697-4E50-9E61-0B192A064211}.TeamBuild|Mixed Platforms.ActiveCfg = Release|Any CPU
		{FFD9D459-C697-4E50-9E61-0B192A064211}.TeamBuild|Mixed Platforms.Build.0 = Release|Any CPU
		{FFD9D459-C697-4E50-9E61-0B192A064211}.TeamBuild|x64.ActiveCfg = Release|x64
		{FFD9D459-C697-4E50-9E61-0B192A064211}.TeamBuild|x64.Build.0 = Release|x64
		{C53658BC-5826-4520-958E-FE57C1D01738}.Debug|Any CPU.ActiveCfg = Debug|x64
		{C53658BC-5826-4520-958E-FE57C1D01738}.Debug|Mixed Platforms.ActiveCfg = Debug|x64
		{C53658BC-5826-4520-958E-FE57C1D01738}.Debug|Mixed Platforms.Build.0 = Debug|x64
		{C53658BC-5826-4520-958E-FE57C1D01738}.Debug|x64.ActiveCfg = Debug|x64
		{C53658BC-5826-4520-958E-FE57C1D01738}.Debug|x64.Build.0 = Debug|x64
		{C53658BC-5826-4520-958E-FE57C1D01738}.Release|Any CPU.ActiveCfg = Release|x64
		{C53658BC-5826-4520-958E-FE57C1D01738}.Release|Mixed Platforms.ActiveCfg = Release|x64
		{C53658BC-5826-4520-958E-FE57C1D01738}.Release|Mixed Platforms.Build.0 = Release|x64
		{C53658BC-5826-4520-958E-FE57C1D01738}.Release|x64.ActiveCfg = Release|x64
		{C53658BC-5826-4520-958E-FE57C1D01738}.Release|x64.Build.0 = Release|x64
		{C53658BC-5826-4520-958E-FE57C1D01738}.TeamBuild|Any CPU.ActiveCfg = Release|x64
		{C53658BC-5826-4520-958E-FE57C1D01738}.TeamBuild|Any CPU.Build.0 = Release|x64
		{C53658BC-5826-4520-958E-FE57C1D01738}.TeamBuild|Mixed Platforms.ActiveCfg = Release|x64
		{C53658BC-5826-4520-958E-FE57C1D01738}.TeamBuild|Mixed Platforms.Build.0 = Release|x64
		{C53658BC-5826-4520-958E-FE57C1D01738}.TeamBuild|x64.ActiveCfg = Release|x64
		{C53658BC-5826-4520-958E-FE57C1D01738}.TeamBuild|x64.Build.0 = Release|x64
		{6848DA28-BACA-4E4D-9E1D-BAD1E7CB9CDE}.Debug|Any CPU.ActiveCfg = Debug|x64
		{6848DA28-BACA-4E4D-9E1D-BAD1E7CB9CDE}.Debug|Mixed Platforms.ActiveCfg = Debug|x64
		{6848DA28-BACA-4E4D-9E1D-BAD1E7CB9CDE}.Debug|Mixed Platforms.Build.0 = Debug|x64
		{6848DA28-BACA-4E4D-9E1D-BAD1E7CB9CDE}.Debug|x64.ActiveCfg = Debug|x64
		{6848DA28-BACA-4E4D-9E1D-BAD1E7CB9CDE}.Debug|x64.Build.0 = Debug|x64
		{6848DA28-BACA-4E4D-9E1D-BAD1E7CB9CDE}.Release|Any CPU.ActiveCfg = Release|x64
		{6848DA28-BACA-4E4D-9E1D-BAD1E7CB9CDE}.Release|Mixed Platforms.ActiveCfg = Release|x64
		{6848DA28-BACA-4E4D-9E1D-BAD1E7CB9CDE}.Release|Mixed Platforms.Build.0 = Release|x64
		{6848DA28-BACA-4E4D-9E1D-BAD1E7CB9CDE}.Release|x64.ActiveCfg = Release|x64
		{6848DA28-BACA-4E4D-9E1D-BAD1E7CB9CDE}.Release|x64.Build.0 = Release|x64
		{6848DA28-BACA-4E4D-9E1D-BAD1E7CB9CDE}.TeamBuild|Any CPU.ActiveCfg = TeamBuild|x64
		{6848DA28-BACA-4E4D-9E1D-BAD1E7CB9CDE}.TeamBuild|Mixed Platforms.ActiveCfg = TeamBuild|x64
		{6848DA28-BACA-4E4D-9E1D-BAD1E7CB9CDE}.TeamBuild|Mixed Platforms.Build.0 = TeamBuild|x64
		{6848DA28-BACA-4E4D-9E1D-BAD1E7CB9CDE}.TeamBuild|x64.ActiveCfg = TeamBuild|x64
		{6848DA28-BACA-4E4D-9E1D-BAD1E7CB9CDE}.TeamBuild|x64.Build.0 = TeamBuild|x64
		{3EAE6805-E445-4102-87C1-F57E20677778}.Debug|Any CPU.ActiveCfg = Debug|x64
		{3EAE6805-E445-4102-87C1-F57E20677778}.Debug|Mixed Platforms.ActiveCfg = Debug|x64
		{3EAE6805-E445-4102-87C1-F57E20677778}.Debug|Mixed Platforms.Build.0 = Debug|x64
		{3EAE6805-E445-4102-87C1-F57E20677778}.Debug|x64.ActiveCfg = Debug|x64
		{3EAE6805-E445-4102-87C1-F57E20677778}.Debug|x64.Build.0 = Debug|x64
		{3EAE6805-E445-4102-87C1-F57E20677778}.Release|Any CPU.ActiveCfg = Release|x64
		{3EAE6805-E445-4102-87C1-F57E20677778}.Release|Mixed Platforms.ActiveCfg = Release|x64
		{3EAE6805-E445-4102-87C1-F57E20677778}.Release|Mixed Platforms.Build.0 = Release|x64
		{3EAE6805-E445-4102-87C1-F57E20677778}.Release|x64.ActiveCfg = Release|x64
		{3EAE6805-E445-4102-87C1-F57E20677778}.Release|x64.Build.0 = Release|x64
		{3EAE6805-E445-4102-87C1-F57E20677778}.TeamBuild|Any CPU.ActiveCfg = TeamBuild|x64
		{3EAE6805-E445-4102-87C1-F57E20677778}.TeamBuild|Mixed Platforms.ActiveCfg = TeamBuild|x64
		{3EAE6805-E445-4102-87C1-F57E20677778}.TeamBuild|Mixed Platforms.Build.0 = TeamBuild|x64
		{3EAE6805-E445-4102-87C1-F57E20677778}.TeamBuild|x64.ActiveCfg = TeamBuild|x64
		{3EAE6805-E445-4102-87C1-F57E20677778}.TeamBuild|x64.Build.0 = TeamBuild|x64
		{4FE7DC26-BB44-4A6E-B02B-785328C41260}.Debug|Any CPU.ActiveCfg = Debug|Any CPU
		{4FE7DC26-BB44-4A6E-B02B-785328C41260}.Debug|Any CPU.Build.0 = Debug|Any CPU
		{4FE7DC26-BB44-4A6E-B02B-785328C41260}.Debug|Mixed Platforms.ActiveCfg = Debug|Any CPU
		{4FE7DC26-BB44-4A6E-B02B-785328C41260}.Debug|Mixed Platforms.Build.0 = Debug|Any CPU
		{4FE7DC26-BB44-4A6E-B02B-785328C41260}.Debug|x64.ActiveCfg = Debug|x64
		{4FE7DC26-BB44-4A6E-B02B-785328C41260}.Debug|x64.Build.0 = Debug|x64
		{4FE7DC26-BB44-4A6E-B02B-785328C41260}.Release|Any CPU.ActiveCfg = Release|Any CPU
		{4FE7DC26-BB44-4A6E-B02B-785328C41260}.Release|Any CPU.Build.0 = Release|Any CPU
		{4FE7DC26-BB44-4A6E-B02B-785328C41260}.Release|Mixed Platforms.ActiveCfg = Release|Any CPU
		{4FE7DC26-BB44-4A6E-B02B-785328C41260}.Release|Mixed Platforms.Build.0 = Release|Any CPU
		{4FE7DC26-BB44-4A6E-B02B-785328C41260}.Release|x64.ActiveCfg = Release|x64
		{4FE7DC26-BB44-4A6E-B02B-785328C41260}.Release|x64.Build.0 = Release|x64
		{4FE7DC26-BB44-4A6E-B02B-785328C41260}.TeamBuild|Any CPU.ActiveCfg = Release|Any CPU
		{4FE7DC26-BB44-4A6E-B02B-785328C41260}.TeamBuild|Any CPU.Build.0 = Release|Any CPU
		{4FE7DC26-BB44-4A6E-B02B-785328C41260}.TeamBuild|Mixed Platforms.ActiveCfg = Release|Any CPU
		{4FE7DC26-BB44-4A6E-B02B-785328C41260}.TeamBuild|Mixed Platforms.Build.0 = Release|Any CPU
		{4FE7DC26-BB44-4A6E-B02B-785328C41260}.TeamBuild|x64.ActiveCfg = Release|x64
		{4FE7DC26-BB44-4A6E-B02B-785328C41260}.TeamBuild|x64.Build.0 = Release|x64
		{2A31EE7C-45E1-447C-B05F-9B4AC8B7733E}.Debug|Any CPU.ActiveCfg = Debug|Any CPU
		{2A31EE7C-45E1-447C-B05F-9B4AC8B7733E}.Debug|Any CPU.Build.0 = Debug|Any CPU
		{2A31EE7C-45E1-447C-B05F-9B4AC8B7733E}.Debug|Mixed Platforms.ActiveCfg = Debug|Any CPU
		{2A31EE7C-45E1-447C-B05F-9B4AC8B7733E}.Debug|Mixed Platforms.Build.0 = Debug|Any CPU
		{2A31EE7C-45E1-447C-B05F-9B4AC8B7733E}.Debug|x64.ActiveCfg = Debug|Any CPU
		{2A31EE7C-45E1-447C-B05F-9B4AC8B7733E}.Release|Any CPU.ActiveCfg = Release|Any CPU
		{2A31EE7C-45E1-447C-B05F-9B4AC8B7733E}.Release|Any CPU.Build.0 = Release|Any CPU
		{2A31EE7C-45E1-447C-B05F-9B4AC8B7733E}.Release|Mixed Platforms.ActiveCfg = Release|Any CPU
		{2A31EE7C-45E1-447C-B05F-9B4AC8B7733E}.Release|Mixed Platforms.Build.0 = Release|Any CPU
		{2A31EE7C-45E1-447C-B05F-9B4AC8B7733E}.Release|x64.ActiveCfg = Release|x64
		{2A31EE7C-45E1-447C-B05F-9B4AC8B7733E}.Release|x64.Build.0 = Release|x64
		{2A31EE7C-45E1-447C-B05F-9B4AC8B7733E}.TeamBuild|Any CPU.ActiveCfg = Release|Any CPU
		{2A31EE7C-45E1-447C-B05F-9B4AC8B7733E}.TeamBuild|Any CPU.Build.0 = Release|Any CPU
		{2A31EE7C-45E1-447C-B05F-9B4AC8B7733E}.TeamBuild|Mixed Platforms.ActiveCfg = Release|Any CPU
		{2A31EE7C-45E1-447C-B05F-9B4AC8B7733E}.TeamBuild|Mixed Platforms.Build.0 = Release|Any CPU
		{2A31EE7C-45E1-447C-B05F-9B4AC8B7733E}.TeamBuild|x64.ActiveCfg = Release|x64
		{2A31EE7C-45E1-447C-B05F-9B4AC8B7733E}.TeamBuild|x64.Build.0 = Release|x64
		{F7EB30CA-EB4A-4E80-A067-0D9498A9F5B6}.Debug|Any CPU.ActiveCfg = Debug|Any CPU
		{F7EB30CA-EB4A-4E80-A067-0D9498A9F5B6}.Debug|Any CPU.Build.0 = Debug|Any CPU
		{F7EB30CA-EB4A-4E80-A067-0D9498A9F5B6}.Debug|Mixed Platforms.ActiveCfg = Debug|Any CPU
		{F7EB30CA-EB4A-4E80-A067-0D9498A9F5B6}.Debug|Mixed Platforms.Build.0 = Debug|Any CPU
		{F7EB30CA-EB4A-4E80-A067-0D9498A9F5B6}.Debug|x64.ActiveCfg = Debug|x64
		{F7EB30CA-EB4A-4E80-A067-0D9498A9F5B6}.Debug|x64.Build.0 = Debug|x64
		{F7EB30CA-EB4A-4E80-A067-0D9498A9F5B6}.Release|Any CPU.ActiveCfg = Release|Any CPU
		{F7EB30CA-EB4A-4E80-A067-0D9498A9F5B6}.Release|Any CPU.Build.0 = Release|Any CPU
		{F7EB30CA-EB4A-4E80-A067-0D9498A9F5B6}.Release|Mixed Platforms.ActiveCfg = Release|Any CPU
		{F7EB30CA-EB4A-4E80-A067-0D9498A9F5B6}.Release|Mixed Platforms.Build.0 = Release|Any CPU
		{F7EB30CA-EB4A-4E80-A067-0D9498A9F5B6}.Release|x64.ActiveCfg = Release|x64
		{F7EB30CA-EB4A-4E80-A067-0D9498A9F5B6}.Release|x64.Build.0 = Release|x64
		{F7EB30CA-EB4A-4E80-A067-0D9498A9F5B6}.TeamBuild|Any CPU.ActiveCfg = Release|Any CPU
		{F7EB30CA-EB4A-4E80-A067-0D9498A9F5B6}.TeamBuild|Any CPU.Build.0 = Release|Any CPU
		{F7EB30CA-EB4A-4E80-A067-0D9498A9F5B6}.TeamBuild|Mixed Platforms.ActiveCfg = Release|Any CPU
		{F7EB30CA-EB4A-4E80-A067-0D9498A9F5B6}.TeamBuild|Mixed Platforms.Build.0 = Release|Any CPU
		{F7EB30CA-EB4A-4E80-A067-0D9498A9F5B6}.TeamBuild|x64.ActiveCfg = Release|x64
		{F7EB30CA-EB4A-4E80-A067-0D9498A9F5B6}.TeamBuild|x64.Build.0 = Release|x64
		{F2063FF3-61A7-4084-845D-DA591011E36F}.Debug|Any CPU.ActiveCfg = Debug|Any CPU
		{F2063FF3-61A7-4084-845D-DA591011E36F}.Debug|Any CPU.Build.0 = Debug|Any CPU
		{F2063FF3-61A7-4084-845D-DA591011E36F}.Debug|Mixed Platforms.ActiveCfg = Debug|Any CPU
		{F2063FF3-61A7-4084-845D-DA591011E36F}.Debug|Mixed Platforms.Build.0 = Debug|Any CPU
		{F2063FF3-61A7-4084-845D-DA591011E36F}.Debug|x64.ActiveCfg = Debug|x64
		{F2063FF3-61A7-4084-845D-DA591011E36F}.Debug|x64.Build.0 = Debug|x64
		{F2063FF3-61A7-4084-845D-DA591011E36F}.Release|Any CPU.ActiveCfg = Release|Any CPU
		{F2063FF3-61A7-4084-845D-DA591011E36F}.Release|Any CPU.Build.0 = Release|Any CPU
		{F2063FF3-61A7-4084-845D-DA591011E36F}.Release|Mixed Platforms.ActiveCfg = Release|Any CPU
		{F2063FF3-61A7-4084-845D-DA591011E36F}.Release|Mixed Platforms.Build.0 = Release|Any CPU
		{F2063FF3-61A7-4084-845D-DA591011E36F}.Release|x64.ActiveCfg = Release|x64
		{F2063FF3-61A7-4084-845D-DA591011E36F}.Release|x64.Build.0 = Release|x64
		{F2063FF3-61A7-4084-845D-DA591011E36F}.TeamBuild|Any CPU.ActiveCfg = TeamBuild|Any CPU
		{F2063FF3-61A7-4084-845D-DA591011E36F}.TeamBuild|Any CPU.Build.0 = TeamBuild|Any CPU
		{F2063FF3-61A7-4084-845D-DA591011E36F}.TeamBuild|Mixed Platforms.ActiveCfg = TeamBuild|Any CPU
		{F2063FF3-61A7-4084-845D-DA591011E36F}.TeamBuild|Mixed Platforms.Build.0 = TeamBuild|Any CPU
		{F2063FF3-61A7-4084-845D-DA591011E36F}.TeamBuild|x64.ActiveCfg = TeamBuild|x64
		{F2063FF3-61A7-4084-845D-DA591011E36F}.TeamBuild|x64.Build.0 = TeamBuild|x64
		{F310B4EF-80CA-4486-93A3-7E028EDCD8B3}.Debug|Any CPU.ActiveCfg = Debug|Any CPU
		{F310B4EF-80CA-4486-93A3-7E028EDCD8B3}.Debug|Any CPU.Build.0 = Debug|Any CPU
		{F310B4EF-80CA-4486-93A3-7E028EDCD8B3}.Debug|Mixed Platforms.ActiveCfg = Debug|Any CPU
		{F310B4EF-80CA-4486-93A3-7E028EDCD8B3}.Debug|Mixed Platforms.Build.0 = Debug|Any CPU
		{F310B4EF-80CA-4486-93A3-7E028EDCD8B3}.Debug|x64.ActiveCfg = Debug|x64
		{F310B4EF-80CA-4486-93A3-7E028EDCD8B3}.Debug|x64.Build.0 = Debug|x64
		{F310B4EF-80CA-4486-93A3-7E028EDCD8B3}.Release|Any CPU.ActiveCfg = Release|Any CPU
		{F310B4EF-80CA-4486-93A3-7E028EDCD8B3}.Release|Any CPU.Build.0 = Release|Any CPU
		{F310B4EF-80CA-4486-93A3-7E028EDCD8B3}.Release|Mixed Platforms.ActiveCfg = Release|Any CPU
		{F310B4EF-80CA-4486-93A3-7E028EDCD8B3}.Release|Mixed Platforms.Build.0 = Release|Any CPU
		{F310B4EF-80CA-4486-93A3-7E028EDCD8B3}.Release|x64.ActiveCfg = Release|x64
		{F310B4EF-80CA-4486-93A3-7E028EDCD8B3}.Release|x64.Build.0 = Release|x64
		{F310B4EF-80CA-4486-93A3-7E028EDCD8B3}.TeamBuild|Any CPU.ActiveCfg = Release|Any CPU
		{F310B4EF-80CA-4486-93A3-7E028EDCD8B3}.TeamBuild|Any CPU.Build.0 = Release|Any CPU
		{F310B4EF-80CA-4486-93A3-7E028EDCD8B3}.TeamBuild|Mixed Platforms.ActiveCfg = Release|Any CPU
		{F310B4EF-80CA-4486-93A3-7E028EDCD8B3}.TeamBuild|Mixed Platforms.Build.0 = Release|Any CPU
		{F310B4EF-80CA-4486-93A3-7E028EDCD8B3}.TeamBuild|x64.ActiveCfg = Release|x64
		{F310B4EF-80CA-4486-93A3-7E028EDCD8B3}.TeamBuild|x64.Build.0 = Release|x64
		{6ACF1C27-77B9-490A-BE22-D1A576DD7D56}.Debug|Any CPU.ActiveCfg = Debug|x64
		{6ACF1C27-77B9-490A-BE22-D1A576DD7D56}.Debug|Mixed Platforms.ActiveCfg = Debug|x64
		{6ACF1C27-77B9-490A-BE22-D1A576DD7D56}.Debug|Mixed Platforms.Build.0 = Debug|x64
		{6ACF1C27-77B9-490A-BE22-D1A576DD7D56}.Debug|x64.ActiveCfg = Debug|x64
		{6ACF1C27-77B9-490A-BE22-D1A576DD7D56}.Debug|x64.Build.0 = Debug|x64
		{6ACF1C27-77B9-490A-BE22-D1A576DD7D56}.Release|Any CPU.ActiveCfg = Release|x64
		{6ACF1C27-77B9-490A-BE22-D1A576DD7D56}.Release|Mixed Platforms.ActiveCfg = Release|x64
		{6ACF1C27-77B9-490A-BE22-D1A576DD7D56}.Release|Mixed Platforms.Build.0 = Release|x64
		{6ACF1C27-77B9-490A-BE22-D1A576DD7D56}.Release|x64.ActiveCfg = Release|x64
		{6ACF1C27-77B9-490A-BE22-D1A576DD7D56}.Release|x64.Build.0 = Release|x64
		{6ACF1C27-77B9-490A-BE22-D1A576DD7D56}.TeamBuild|Any CPU.ActiveCfg = Release|x64
		{6ACF1C27-77B9-490A-BE22-D1A576DD7D56}.TeamBuild|Any CPU.Build.0 = Release|x64
		{6ACF1C27-77B9-490A-BE22-D1A576DD7D56}.TeamBuild|Mixed Platforms.ActiveCfg = Release|x64
		{6ACF1C27-77B9-490A-BE22-D1A576DD7D56}.TeamBuild|Mixed Platforms.Build.0 = Release|x64
		{6ACF1C27-77B9-490A-BE22-D1A576DD7D56}.TeamBuild|x64.ActiveCfg = Release|x64
		{6ACF1C27-77B9-490A-BE22-D1A576DD7D56}.TeamBuild|x64.Build.0 = Release|x64
	EndGlobalSection
	GlobalSection(SolutionProperties) = preSolution
		HideSolutionNode = FALSE
	EndGlobalSection
EndGlobal
